
Microsoft Visual Studio Solution File, Format Version 12.00
# Visual Studio Version 17
VisualStudioVersion = 17.8.34330.188
MinimumVisualStudioVersion = 10.0.40219.1
Project("{8BC9CEB8-8B4A-11D0-8D11-00A0C91BC942}") = "toHuZhengPengCpp", "toHuZhengPengCpp.vcxproj", "{DD6FD5E6-6772-4DFF-B5C3-00BAAB65017F}"
EndProject
Global
	GlobalSection(SolutionConfigurationPlatforms) = preSolution
		Debug|x64 = Debug|x64
		Debug|x86 = Debug|x86
		Release|x64 = Release|x64
		Release|x86 = Release|x86
	EndGlobalSection
	GlobalSection(ProjectConfigurationPlatforms) = postSolution
		{DD6FD5E6-6772-4DFF-B5C3-00BAAB65017F}.Debug|x64.ActiveCfg = Debug|x64
		{DD6FD5E6-6772-4DFF-B5C3-00BAAB65017F}.Debug|x64.Build.0 = Debug|x64
		{DD6FD5E6-6772-4DFF-B5C3-00BAAB65017F}.Debug|x86.ActiveCfg = Debug|Win32
		{DD6FD5E6-6772-4DFF-B5C3-00BAAB65017F}.Debug|x86.Build.0 = Debug|Win32
		{DD6FD5E6-6772-4DFF-B5C3-00BAAB65017F}.Release|x64.ActiveCfg = Release|x64
		{DD6FD5E6-6772-4DFF-B5C3-00BAAB65017F}.Release|x64.Build.0 = Release|x64
		{DD6FD5E6-6772-4DFF-B5C3-00BAAB65017F}.Release|x86.ActiveCfg = Release|Win32
		{DD6FD5E6-6772-4DFF-B5C3-00BAAB65017F}.Release|x86.Build.0 = Release|Win32
	EndGlobalSection
	GlobalSection(SolutionProperties) = preSolution
		HideSolutionNode = FALSE
	EndGlobalSection
	GlobalSection(ExtensibilityGlobals) = postSolution
		SolutionGuid = {A2F95BA4-7833-4D68-B2DD-2E7954A96437}
	EndGlobalSection
EndGlobal
